
Microsoft Visual Studio Solution File, Format Version 12.00
# Visual Studio Version 16
VisualStudioVersion = 25.0.1706.7
MinimumVisualStudioVersion = 10.0.40219.1
Project("{FAE04EC0-301F-11D3-BF4B-00C04F79EFBC}") = "PixelBattle", "PixelBattle\PixelBattle.csproj", "{B786B786-83D4-4895-A0B6-8F674E68AB3E}"
EndProject
Project("{FAE04EC0-301F-11D3-BF4B-00C04F79EFBC}") = "Server", "Server\Server.csproj", "{F1C34DE0-0C22-4DCC-876F-D5A8E6690E18}"
EndProject
Project("{FAE04EC0-301F-11D3-BF4B-00C04F79EFBC}") = "GameUtils", "GameUtils\GameUtils.csproj", "{CAC75ABA-6309-46B2-B461-D13FB9696C5C}"
EndProject
Project("{FAE04EC0-301F-11D3-BF4B-00C04F79EFBC}") = "Client", "Client\Client.csproj", "{E025B854-DF97-4F3C-9670-48DC4AD83F9C}"
EndProject
Global
	GlobalSection(SolutionConfigurationPlatforms) = preSolution
		Debug|Any CPU = Debug|Any CPU
		Release|Any CPU = Release|Any CPU
	EndGlobalSection
	GlobalSection(ProjectConfigurationPlatforms) = postSolution
		{B786B786-83D4-4895-A0B6-8F674E68AB3E}.Debug|Any CPU.ActiveCfg = Debug|Any CPU
		{B786B786-83D4-4895-A0B6-8F674E68AB3E}.Debug|Any CPU.Build.0 = Debug|Any CPU
		{B786B786-83D4-4895-A0B6-8F674E68AB3E}.Release|Any CPU.ActiveCfg = Release|Any CPU
		{B786B786-83D4-4895-A0B6-8F674E68AB3E}.Release|Any CPU.Build.0 = Release|Any CPU
		{F1C34DE0-0C22-4DCC-876F-D5A8E6690E18}.Debug|Any CPU.ActiveCfg = Debug|Any CPU
		{F1C34DE0-0C22-4DCC-876F-D5A8E6690E18}.Debug|Any CPU.Build.0 = Debug|Any CPU
		{F1C34DE0-0C22-4DCC-876F-D5A8E6690E18}.Release|Any CPU.ActiveCfg = Release|Any CPU
		{F1C34DE0-0C22-4DCC-876F-D5A8E6690E18}.Release|Any CPU.Build.0 = Release|Any CPU
		{CAC75ABA-6309-46B2-B461-D13FB9696C5C}.Debug|Any CPU.ActiveCfg = Debug|Any CPU
		{CAC75ABA-6309-46B2-B461-D13FB9696C5C}.Debug|Any CPU.Build.0 = Debug|Any CPU
		{CAC75ABA-6309-46B2-B461-D13FB9696C5C}.Release|Any CPU.ActiveCfg = Release|Any CPU
		{CAC75ABA-6309-46B2-B461-D13FB9696C5C}.Release|Any CPU.Build.0 = Release|Any CPU
		{E025B854-DF97-4F3C-9670-48DC4AD83F9C}.Debug|Any CPU.ActiveCfg = Debug|Any CPU
		{E025B854-DF97-4F3C-9670-48DC4AD83F9C}.Debug|Any CPU.Build.0 = Debug|Any CPU
		{E025B854-DF97-4F3C-9670-48DC4AD83F9C}.Release|Any CPU.ActiveCfg = Release|Any CPU
		{E025B854-DF97-4F3C-9670-48DC4AD83F9C}.Release|Any CPU.Build.0 = Release|Any CPU
	EndGlobalSection
	GlobalSection(SolutionProperties) = preSolution
		HideSolutionNode = FALSE
	EndGlobalSection
	GlobalSection(ExtensibilityGlobals) = postSolution
		SolutionGuid = {5B507990-53CD-4163-8EFF-18A6582B602A}
	EndGlobalSection
EndGlobal
