
Microsoft Visual Studio Solution File, Format Version 12.00
# Visual Studio Version 16
VisualStudioVersion = 25.0.1706.4
MinimumVisualStudioVersion = 10.0.40219.1
Project("{FAE04EC0-301F-11D3-BF4B-00C04F79EFBC}") = "ComputerGames", "ComputerGames\ComputerGames.csproj", "{B885063B-4966-4DB3-B6BB-BD24633EA9DA}"
EndProject
Global
	GlobalSection(SolutionConfigurationPlatforms) = preSolution
		Debug|Any CPU = Debug|Any CPU
		Release|Any CPU = Release|Any CPU
	EndGlobalSection
	GlobalSection(ProjectConfigurationPlatforms) = postSolution
		{B885063B-4966-4DB3-B6BB-BD24633EA9DA}.Debug|Any CPU.ActiveCfg = Debug|Any CPU
		{B885063B-4966-4DB3-B6BB-BD24633EA9DA}.Debug|Any CPU.Build.0 = Debug|Any CPU
		{B885063B-4966-4DB3-B6BB-BD24633EA9DA}.Release|Any CPU.ActiveCfg = Release|Any CPU
		{B885063B-4966-4DB3-B6BB-BD24633EA9DA}.Release|Any CPU.Build.0 = Release|Any CPU
	EndGlobalSection
	GlobalSection(SolutionProperties) = preSolution
		HideSolutionNode = FALSE
	EndGlobalSection
	GlobalSection(ExtensibilityGlobals) = postSolution
		SolutionGuid = {E508C3F5-14EF-4E46-B16B-8B73DDA28904}
	EndGlobalSection
EndGlobal
